// !$*UTF8*$!
{
	archiveVersion = 1;
	classes = {
	};
	objectVersion = 46;
	objects = {

/* Begin PBXBuildFile section */
		2D69AE1F1D489BB4007A98E9 /* main.m in Sources */ = {isa = PBXBuildFile; fileRef = 2D69AE1E1D489BB4007A98E9 /* main.m */; };
		2D69AE221D489BB4007A98E9 /* AppDelegate.m in Sources */ = {isa = PBXBuildFile; fileRef = 2D69AE211D489BB4007A98E9 /* AppDelegate.m */; };
		2D69AE251D489BB4007A98E9 /* ViewController.m in Sources */ = {isa = PBXBuildFile; fileRef = 2D69AE241D489BB4007A98E9 /* ViewController.m */; };
		2D69AE281D489BB4007A98E9 /* Main.storyboard in Resources */ = {isa = PBXBuildFile; fileRef = 2D69AE261D489BB4007A98E9 /* Main.storyboard */; };
		2D69AE2A1D489BB4007A98E9 /* Assets.xcassets in Resources */ = {isa = PBXBuildFile; fileRef = 2D69AE291D489BB4007A98E9 /* Assets.xcassets */; };
		2D69AE2D1D489BB4007A98E9 /* LaunchScreen.storyboard in Resources */ = {isa = PBXBuildFile; fileRef = 2D69AE2B1D489BB4007A98E9 /* LaunchScreen.storyboard */; };
		2D69AE381D489BB4007A98E9 /* FRTagBallAnimationTests.m in Sources */ = {isa = PBXBuildFile; fileRef = 2D69AE371D489BB4007A98E9 /* FRTagBallAnimationTests.m */; };
		2D69AE431D489BB5007A98E9 /* FRTagBallAnimationUITests.m in Sources */ = {isa = PBXBuildFile; fileRef = 2D69AE421D489BB5007A98E9 /* FRTagBallAnimationUITests.m */; };
		2D69AE611D499CE4007A98E9 /* FRSphereView.m in Sources */ = {isa = PBXBuildFile; fileRef = 2D69AE601D499CE4007A98E9 /* FRSphereView.m */; };
/* End PBXBuildFile section */

/* Begin PBXContainerItemProxy section */
		2D69AE341D489BB4007A98E9 /* PBXContainerItemProxy */ = {
			isa = PBXContainerItemProxy;
			containerPortal = 2D69AE121D489BB4007A98E9 /* Project object */;
			proxyType = 1;
			remoteGlobalIDString = 2D69AE191D489BB4007A98E9;
			remoteInfo = FRTagBallAnimation;
		};
		2D69AE3F1D489BB5007A98E9 /* PBXContainerItemProxy */ = {
			isa = PBXContainerItemProxy;
			containerPortal = 2D69AE121D489BB4007A98E9 /* Project object */;
			proxyType = 1;
			remoteGlobalIDString = 2D69AE191D489BB4007A98E9;
			remoteInfo = FRTagBallAnimation;
		};
/* End PBXContainerItemProxy section */

/* Begin PBXFileReference section */
		2D69AE1A1D489BB4007A98E9 /* FRTagBallAnimation.app */ = {isa = PBXFileReference; explicitFileType = wrapper.application; includeInIndex = 0; path = FRTagBallAnimation.app; sourceTree = BUILT_PRODUCTS_DIR; };
		2D69AE1E1D489BB4007A98E9 /* main.m */ = {isa = PBXFileReference; lastKnownFileType = sourcecode.c.objc; path = main.m; sourceTree = "<group>"; };
		2D69AE201D489BB4007A98E9 /* AppDelegate.h */ = {isa = PBXFileReference; lastKnownFileType = sourcecode.c.h; path = AppDelegate.h; sourceTree = "<group>"; };
		2D69AE211D489BB4007A98E9 /* AppDelegate.m */ = {isa = PBXFileReference; lastKnownFileType = sourcecode.c.objc; path = AppDelegate.m; sourceTree = "<group>"; };
		2D69AE231D489BB4007A98E9 /* ViewController.h */ = {isa = PBXFileReference; lastKnownFileType = sourcecode.c.h; path = ViewController.h; sourceTree = "<group>"; };
		2D69AE241D489BB4007A98E9 /* ViewController.m */ = {isa = PBXFileReference; lastKnownFileType = sourcecode.c.objc; path = ViewController.m; sourceTree = "<group>"; };
		2D69AE271D489BB4007A98E9 /* Base */ = {isa = PBXFileReference; lastKnownFileType = file.storyboard; name = Base; path = Base.lproj/Main.storyboard; sourceTree = "<group>"; };
		2D69AE291D489BB4007A98E9 /* Assets.xcassets */ = {isa = PBXFileReference; lastKnownFileType = folder.assetcatalog; path = Assets.xcassets; sourceTree = "<group>"; };
		2D69AE2C1D489BB4007A98E9 /* Base */ = {isa = PBXFileReference; lastKnownFileType = file.storyboard; name = Base; path = Base.lproj/LaunchScreen.storyboard; sourceTree = "<group>"; };
		2D69AE2E1D489BB4007A98E9 /* Info.plist */ = {isa = PBXFileReference; lastKnownFileType = text.plist.xml; path = Info.plist; sourceTree = "<group>"; };
		2D69AE331D489BB4007A98E9 /* FRTagBallAnimationTests.xctest */ = {isa = PBXFileReference; explicitFileType = wrapper.cfbundle; includeInIndex = 0; path = FRTagBallAnimationTests.xctest; sourceTree = BUILT_PRODUCTS_DIR; };
		2D69AE371D489BB4007A98E9 /* FRTagBallAnimationTests.m */ = {isa = PBXFileReference; lastKnownFileType = sourcecode.c.objc; path = FRTagBallAnimationTests.m; sourceTree = "<group>"; };
		2D69AE391D489BB4007A98E9 /* Info.plist */ = {isa = PBXFileReference; lastKnownFileType = text.plist.xml; path = Info.plist; sourceTree = "<group>"; };
		2D69AE3E1D489BB5007A98E9 /* FRTagBallAnimationUITests.xctest */ = {isa = PBXFileReference; explicitFileType = wrapper.cfbundle; includeInIndex = 0; path = FRTagBallAnimationUITests.xctest; sourceTree = BUILT_PRODUCTS_DIR; };
		2D69AE421D489BB5007A98E9 /* FRTagBallAnimationUITests.m */ = {isa = PBXFileReference; lastKnownFileType = sourcecode.c.objc; path = FRTagBallAnimationUITests.m; sourceTree = "<group>"; };
		2D69AE441D489BB5007A98E9 /* Info.plist */ = {isa = PBXFileReference; lastKnownFileType = text.plist.xml; path = Info.plist; sourceTree = "<group>"; };
		2D69AE5A1D4999CD007A98E9 /* FRMatrix.h */ = {isa = PBXFileReference; lastKnownFileType = sourcecode.c.h; path = FRMatrix.h; sourceTree = "<group>"; };
		2D69AE5B1D499BD7007A98E9 /* FRPoint.h */ = {isa = PBXFileReference; lastKnownFileType = sourcecode.c.h; path = FRPoint.h; sourceTree = "<group>"; };
		2D69AE5F1D499CE4007A98E9 /* FRSphereView.h */ = {isa = PBXFileReference; fileEncoding = 4; lastKnownFileType = sourcecode.c.h; path = FRSphereView.h; sourceTree = "<group>"; };
		2D69AE601D499CE4007A98E9 /* FRSphereView.m */ = {isa = PBXFileReference; fileEncoding = 4; lastKnownFileType = sourcecode.c.objc; path = FRSphereView.m; sourceTree = "<group>"; };
/* End PBXFileReference section */

/* Begin PBXFrameworksBuildPhase section */
		2D69AE171D489BB4007A98E9 /* Frameworks */ = {
			isa = PBXFrameworksBuildPhase;
			buildActionMask = 2147483647;
			files = (
			);
			runOnlyForDeploymentPostprocessing = 0;
		};
		2D69AE301D489BB4007A98E9 /* Frameworks */ = {
			isa = PBXFrameworksBuildPhase;
			buildActionMask = 2147483647;
			files = (
			);
			runOnlyForDeploymentPostprocessing = 0;
		};
		2D69AE3B1D489BB5007A98E9 /* Frameworks */ = {
			isa = PBXFrameworksBuildPhase;
			buildActionMask = 2147483647;
			files = (
			);
			runOnlyForDeploymentPostprocessing = 0;
		};
/* End PBXFrameworksBuildPhase section */

/* Begin PBXGroup section */
		2D69AE111D489BB4007A98E9 = {
			isa = PBXGroup;
			children = (
				2D69AE1C1D489BB4007A98E9 /* FRTagBallAnimation */,
				2D69AE361D489BB4007A98E9 /* FRTagBallAnimationTests */,
				2D69AE411D489BB5007A98E9 /* FRTagBallAnimationUITests */,
				2D69AE1B1D489BB4007A98E9 /* Products */,
			);
			sourceTree = "<group>";
		};
		2D69AE1B1D489BB4007A98E9 /* Products */ = {
			isa = PBXGroup;
			children = (
				2D69AE1A1D489BB4007A98E9 /* FRTagBallAnimation.app */,
				2D69AE331D489BB4007A98E9 /* FRTagBallAnimationTests.xctest */,
				2D69AE3E1D489BB5007A98E9 /* FRTagBallAnimationUITests.xctest */,
			);
			name = Products;
			sourceTree = "<group>";
		};
		2D69AE1C1D489BB4007A98E9 /* FRTagBallAnimation */ = {
			isa = PBXGroup;
			children = (
				2D69AE501D489D70007A98E9 /* TagBallView */,
				2D69AE201D489BB4007A98E9 /* AppDelegate.h */,
				2D69AE211D489BB4007A98E9 /* AppDelegate.m */,
				2D69AE231D489BB4007A98E9 /* ViewController.h */,
				2D69AE241D489BB4007A98E9 /* ViewController.m */,
				2D69AE261D489BB4007A98E9 /* Main.storyboard */,
				2D69AE291D489BB4007A98E9 /* Assets.xcassets */,
				2D69AE2B1D489BB4007A98E9 /* LaunchScreen.storyboard */,
				2D69AE2E1D489BB4007A98E9 /* Info.plist */,
				2D69AE1D1D489BB4007A98E9 /* Supporting Files */,
			);
			path = FRTagBallAnimation;
			sourceTree = "<group>";
		};
		2D69AE1D1D489BB4007A98E9 /* Supporting Files */ = {
			isa = PBXGroup;
			children = (
				2D69AE1E1D489BB4007A98E9 /* main.m */,
			);
			name = "Supporting Files";
			sourceTree = "<group>";
		};
		2D69AE361D489BB4007A98E9 /* FRTagBallAnimationTests */ = {
			isa = PBXGroup;
			children = (
				2D69AE371D489BB4007A98E9 /* FRTagBallAnimationTests.m */,
				2D69AE391D489BB4007A98E9 /* Info.plist */,
			);
			path = FRTagBallAnimationTests;
			sourceTree = "<group>";
		};
		2D69AE411D489BB5007A98E9 /* FRTagBallAnimationUITests */ = {
			isa = PBXGroup;
			children = (
				2D69AE421D489BB5007A98E9 /* FRTagBallAnimationUITests.m */,
				2D69AE441D489BB5007A98E9 /* Info.plist */,
			);
			path = FRTagBallAnimationUITests;
			sourceTree = "<group>";
		};
		2D69AE501D489D70007A98E9 /* TagBallView */ = {
			isa = PBXGroup;
			children = (
				2D69AE5A1D4999CD007A98E9 /* FRMatrix.h */,
				2D69AE5B1D499BD7007A98E9 /* FRPoint.h */,
				2D69AE5F1D499CE4007A98E9 /* FRSphereView.h */,
				2D69AE601D499CE4007A98E9 /* FRSphereView.m */,
			);
			path = TagBallView;
			sourceTree = "<group>";
		};
/* End PBXGroup section */

/* Begin PBXNativeTarget section */
		2D69AE191D489BB4007A98E9 /* FRTagBallAnimation */ = {
			isa = PBXNativeTarget;
			buildConfigurationList = 2D69AE471D489BB5007A98E9 /* Build configuration list for PBXNativeTarget "FRTagBallAnimation" */;
			buildPhases = (
				2D69AE161D489BB4007A98E9 /* Sources */,
				2D69AE171D489BB4007A98E9 /* Frameworks */,
				2D69AE181D489BB4007A98E9 /* Resources */,
			);
			buildRules = (
			);
			dependencies = (
			);
			name = FRTagBallAnimation;
			productName = FRTagBallAnimation;
			productReference = 2D69AE1A1D489BB4007A98E9 /* FRTagBallAnimation.app */;
			productType = "com.apple.product-type.application";
		};
		2D69AE321D489BB4007A98E9 /* FRTagBallAnimationTests */ = {
			isa = PBXNativeTarget;
			buildConfigurationList = 2D69AE4A1D489BB5007A98E9 /* Build configuration list for PBXNativeTarget "FRTagBallAnimationTests" */;
			buildPhases = (
				2D69AE2F1D489BB4007A98E9 /* Sources */,
				2D69AE301D489BB4007A98E9 /* Frameworks */,
				2D69AE311D489BB4007A98E9 /* Resources */,
			);
			buildRules = (
			);
			dependencies = (
				2D69AE351D489BB4007A98E9 /* PBXTargetDependency */,
			);
			name = FRTagBallAnimationTests;
			productName = FRTagBallAnimationTests;
			productReference = 2D69AE331D489BB4007A98E9 /* FRTagBallAnimationTests.xctest */;
			productType = "com.apple.product-type.bundle.unit-test";
		};
		2D69AE3D1D489BB5007A98E9 /* FRTagBallAnimationUITests */ = {
			isa = PBXNativeTarget;
			buildConfigurationList = 2D69AE4D1D489BB5007A98E9 /* Build configuration list for PBXNativeTarget "FRTagBallAnimationUITests" */;
			buildPhases = (
				2D69AE3A1D489BB5007A98E9 /* Sources */,
				2D69AE3B1D489BB5007A98E9 /* Frameworks */,
				2D69AE3C1D489BB5007A98E9 /* Resources */,
			);
			buildRules = (
			);
			dependencies = (
				2D69AE401D489BB5007A98E9 /* PBXTargetDependency */,
			);
			name = FRTagBallAnimationUITests;
			productName = FRTagBallAnimationUITests;
			productReference = 2D69AE3E1D489BB5007A98E9 /* FRTagBallAnimationUITests.xctest */;
			productType = "com.apple.product-type.bundle.ui-testing";
		};
/* End PBXNativeTarget section */

/* Begin PBXProject section */
		2D69AE121D489BB4007A98E9 /* Project object */ = {
			isa = PBXProject;
			attributes = {
				LastUpgradeCheck = 0730;
				ORGANIZATIONNAME = "张福润";
				TargetAttributes = {
					2D69AE191D489BB4007A98E9 = {
						CreatedOnToolsVersion = 7.3.1;
					};
					2D69AE321D489BB4007A98E9 = {
						CreatedOnToolsVersion = 7.3.1;
						TestTargetID = 2D69AE191D489BB4007A98E9;
					};
					2D69AE3D1D489BB5007A98E9 = {
						CreatedOnToolsVersion = 7.3.1;
						TestTargetID = 2D69AE191D489BB4007A98E9;
					};
				};
			};
			buildConfigurationList = 2D69AE151D489BB4007A98E9 /* Build configuration list for PBXProject "FRTagBallAnimation" */;
			compatibilityVersion = "Xcode 3.2";
			developmentRegion = English;
			hasScannedForEncodings = 0;
			knownRegions = (
				en,
				Base,
			);
			mainGroup = 2D69AE111D489BB4007A98E9;
			productRefGroup = 2D69AE1B1D489BB4007A98E9 /* Products */;
			projectDirPath = "";
			projectRoot = "";
			targets = (
				2D69AE191D489BB4007A98E9 /* FRTagBallAnimation */,
				2D69AE321D489BB4007A98E9 /* FRTagBallAnimationTests */,
				2D69AE3D1D489BB5007A98E9 /* FRTagBallAnimationUITests */,
			);
		};
/* End PBXProject section */

/* Begin PBXResourcesBuildPhase section */
		2D69AE181D489BB4007A98E9 /* Resources */ = {
			isa = PBXResourcesBuildPhase;
			buildActionMask = 2147483647;
			files = (
				2D69AE2D1D489BB4007A98E9 /* LaunchScreen.storyboard in Resources */,
				2D69AE2A1D489BB4007A98E9 /* Assets.xcassets in Resources */,
				2D69AE281D489BB4007A98E9 /* Main.storyboard in Resources */,
			);
			runOnlyForDeploymentPostprocessing = 0;
		};
		2D69AE311D489BB4007A98E9 /* Resources */ = {
			isa = PBXResourcesBuildPhase;
			buildActionMask = 2147483647;
			files = (
			);
			runOnlyForDeploymentPostprocessing = 0;
		};
		2D69AE3C1D489BB5007A98E9 /* Resources */ = {
			isa = PBXResourcesBuildPhase;
			buildActionMask = 2147483647;
			files = (
			);
			runOnlyForDeploymentPostprocessing = 0;
		};
/* End PBXResourcesBuildPhase section */

/* Begin PBXSourcesBuildPhase section */
		2D69AE161D489BB4007A98E9 /* Sources */ = {
			isa = PBXSourcesBuildPhase;
			buildActionMask = 2147483647;
			files = (
				2D69AE251D489BB4007A98E9 /* ViewController.m in Sources */,
				2D69AE221D489BB4007A98E9 /* AppDelegate.m in Sources */,
				2D69AE1F1D489BB4007A98E9 /* main.m in Sources */,
				2D69AE611D499CE4007A98E9 /* FRSphereView.m in Sources */,
			);
			runOnlyForDeploymentPostprocessing = 0;
		};
		2D69AE2F1D489BB4007A98E9 /* Sources */ = {
			isa = PBXSourcesBuildPhase;
			buildActionMask = 2147483647;
			files = (
				2D69AE381D489BB4007A98E9 /* FRTagBallAnimationTests.m in Sources */,
			);
			runOnlyForDeploymentPostprocessing = 0;
		};
		2D69AE3A1D489BB5007A98E9 /* Sources */ = {
			isa = PBXSourcesBuildPhase;
			buildActionMask = 2147483647;
			files = (
				2D69AE431D489BB5007A98E9 /* FRTagBallAnimationUITests.m in Sources */,
			);
			runOnlyForDeploymentPostprocessing = 0;
		};
/* End PBXSourcesBuildPhase section */

/* Begin PBXTargetDependency section */
		2D69AE351D489BB4007A98E9 /* PBXTargetDependency */ = {
			isa = PBXTargetDependency;
			target = 2D69AE191D489BB4007A98E9 /* FRTagBallAnimation */;
			targetProxy = 2D69AE341D489BB4007A98E9 /* PBXContainerItemProxy */;
		};
		2D69AE401D489BB5007A98E9 /* PBXTargetDependency */ = {
			isa = PBXTargetDependency;
			target = 2D69AE191D489BB4007A98E9 /* FRTagBallAnimation */;
			targetProxy = 2D69AE3F1D489BB5007A98E9 /* PBXContainerItemProxy */;
		};
/* End PBXTargetDependency section */

/* Begin PBXVariantGroup section */
		2D69AE261D489BB4007A98E9 /* Main.storyboard */ = {
			isa = PBXVariantGroup;
			children = (
				2D69AE271D489BB4007A98E9 /* Base */,
			);
			name = Main.storyboard;
			sourceTree = "<group>";
		};
		2D69AE2B1D489BB4007A98E9 /* LaunchScreen.storyboard */ = {
			isa = PBXVariantGroup;
			children = (
				2D69AE2C1D489BB4007A98E9 /* Base */,
			);
			name = LaunchScreen.storyboard;
			sourceTree = "<group>";
		};
/* End PBXVariantGroup section */

/* Begin XCBuildConfiguration section */
		2D69AE451D489BB5007A98E9 /* Debug */ = {
			isa = XCBuildConfiguration;
			buildSettings = {
				ALWAYS_SEARCH_USER_PATHS = NO;
				CLANG_ANALYZER_NONNULL = YES;
				CLANG_CXX_LANGUAGE_STANDARD = "gnu++0x";
				CLANG_CXX_LIBRARY = "libc++";
				CLANG_ENABLE_MODULES = YES;
				CLANG_ENABLE_OBJC_ARC = YES;
				CLANG_WARN_BOOL_CONVERSION = YES;
				CLANG_WARN_CONSTANT_CONVERSION = YES;
				CLANG_WARN_DIRECT_OBJC_ISA_USAGE = YES_ERROR;
				CLANG_WARN_EMPTY_BODY = YES;
				CLANG_WARN_ENUM_CONVERSION = YES;
				CLANG_WARN_INT_CONVERSION = YES;
				CLANG_WARN_OBJC_ROOT_CLASS = YES_ERROR;
				CLANG_WARN_UNREACHABLE_CODE = YES;
				CLANG_WARN__DUPLICATE_METHOD_MATCH = YES;
				"CODE_SIGN_IDENTITY[sdk=iphoneos*]" = "iPhone Developer";
				COPY_PHASE_STRIP = NO;
				DEBUG_INFORMATION_FORMAT = dwarf;
				ENABLE_STRICT_OBJC_MSGSEND = YES;
				ENABLE_TESTABILITY = YES;
				GCC_C_LANGUAGE_STANDARD = gnu99;
				GCC_DYNAMIC_NO_PIC = NO;
				GCC_NO_COMMON_BLOCKS = YES;
				GCC_OPTIMIZATION_LEVEL = 0;
				GCC_PREPROCESSOR_DEFINITIONS = (
					"DEBUG=1",
					"$(inherited)",
				);
				GCC_WARN_64_TO_32_BIT_CONVERSION = YES;
				GCC_WARN_ABOUT_RETURN_TYPE = YES_ERROR;
				GCC_WARN_UNDECLARED_SELECTOR = YES;
				GCC_WARN_UNINITIALIZED_AUTOS = YES_AGGRESSIVE;
				GCC_WARN_UNUSED_FUNCTION = YES;
				GCC_WARN_UNUSED_VARIABLE = YES;
				IPHONEOS_DEPLOYMENT_TARGET = 9.3;
				MTL_ENABLE_DEBUG_INFO = YES;
				ONLY_ACTIVE_ARCH = YES;
				SDKROOT = iphoneos;
				TARGETED_DEVICE_FAMILY = "1,2";
			};
			name = Debug;
		};
		2D69AE461D489BB5007A98E9 /* Release */ = {
			isa = XCBuildConfiguration;
			buildSettings = {
				ALWAYS_SEARCH_USER_PATHS = NO;
				CLANG_ANALYZER_NONNULL = YES;
				CLANG_CXX_LANGUAGE_STANDARD = "gnu++0x";
				CLANG_CXX_LIBRARY = "libc++";
				CLANG_ENABLE_MODULES = YES;
				CLANG_ENABLE_OBJC_ARC = YES;
				CLANG_WARN_BOOL_CONVERSION = YES;
				CLANG_WARN_CONSTANT_CONVERSION = YES;
				CLANG_WARN_DIRECT_OBJC_ISA_USAGE = YES_ERROR;
				CLANG_WARN_EMPTY_BODY = YES;
				CLANG_WARN_ENUM_CONVERSION = YES;
				CLANG_WARN_INT_CONVERSION = YES;
				CLANG_WARN_OBJC_ROOT_CLASS = YES_ERROR;
				CLANG_WARN_UNREACHABLE_CODE = YES;
				CLANG_WARN__DUPLICATE_METHOD_MATCH = YES;
				"CODE_SIGN_IDENTITY[sdk=iphoneos*]" = "iPhone Developer";
				COPY_PHASE_STRIP = NO;
				DEBUG_INFORMATION_FORMAT = "dwarf-with-dsym";
				ENABLE_NS_ASSERTIONS = NO;
				ENABLE_STRICT_OBJC_MSGSEND = YES;
				GCC_C_LANGUAGE_STANDARD = gnu99;
				GCC_NO_COMMON_BLOCKS = YES;
				GCC_WARN_64_TO_32_BIT_CONVERSION = YES;
				GCC_WARN_ABOUT_RETURN_TYPE = YES_ERROR;
				GCC_WARN_UNDECLARED_SELECTOR = YES;
				GCC_WARN_UNINITIALIZED_AUTOS = YES_AGGRESSIVE;
				GCC_WARN_UNUSED_FUNCTION = YES;
				GCC_WARN_UNUSED_VARIABLE = YES;
				IPHONEOS_DEPLOYMENT_TARGET = 9.3;
				MTL_ENABLE_DEBUG_INFO = NO;
				SDKROOT = iphoneos;
				TARGETED_DEVICE_FAMILY = "1,2";
				VALIDATE_PRODUCT = YES;
			};
			name = Release;
		};
		2D69AE481D489BB5007A98E9 /* Debug */ = {
			isa = XCBuildConfiguration;
			buildSettings = {
				ASSETCATALOG_COMPILER_APPICON_NAME = AppIcon;
				INFOPLIST_FILE = FRTagBallAnimation/Info.plist;
				LD_RUNPATH_SEARCH_PATHS = "$(inherited) @executable_path/Frameworks";
				PRODUCT_BUNDLE_IDENTIFIER = com.zhangfurun.haifeng.FRTagBallAnimation;
				PRODUCT_NAME = "$(TARGET_NAME)";
			};
			name = Debug;
		};
		2D69AE491D489BB5007A98E9 /* Release */ = {
			isa = XCBuildConfiguration;
			buildSettings = {
				ASSETCATALOG_COMPILER_APPICON_NAME = AppIcon;
				INFOPLIST_FILE = FRTagBallAnimation/Info.plist;
				LD_RUNPATH_SEARCH_PATHS = "$(inherited) @executable_path/Frameworks";
				PRODUCT_BUNDLE_IDENTIFIER = com.zhangfurun.haifeng.FRTagBallAnimation;
				PRODUCT_NAME = "$(TARGET_NAME)";
			};
			name = Release;
		};
		2D69AE4B1D489BB5007A98E9 /* Debug */ = {
			isa = XCBuildConfiguration;
			buildSettings = {
				BUNDLE_LOADER = "$(TEST_HOST)";
				INFOPLIST_FILE = FRTagBallAnimationTests/Info.plist;
				LD_RUNPATH_SEARCH_PATHS = "$(inherited) @executable_path/Frameworks @loader_path/Frameworks";
				PRODUCT_BUNDLE_IDENTIFIER = com.zhangfurun.haifeng.FRTagBallAnimationTests;
				PRODUCT_NAME = "$(TARGET_NAME)";
				TEST_HOST = "$(BUILT_PRODUCTS_DIR)/FRTagBallAnimation.app/FRTagBallAnimation";
			};
			name = Debug;
		};
		2D69AE4C1D489BB5007A98E9 /* Release */ = {
			isa = XCBuildConfiguration;
			buildSettings = {
				BUNDLE_LOADER = "$(TEST_HOST)";
				INFOPLIST_FILE = FRTagBallAnimationTests/Info.plist;
				LD_RUNPATH_SEARCH_PATHS = "$(inherited) @executable_path/Frameworks @loader_path/Frameworks";
				PRODUCT_BUNDLE_IDENTIFIER = com.zhangfurun.haifeng.FRTagBallAnimationTests;
				PRODUCT_NAME = "$(TARGET_NAME)";
				TEST_HOST = "$(BUILT_PRODUCTS_DIR)/FRTagBallAnimation.app/FRTagBallAnimation";
			};
			name = Release;
		};
		2D69AE4E1D489BB5007A98E9 /* Debug */ = {
			isa = XCBuildConfiguration;
			buildSettings = {
				INFOPLIST_FILE = FRTagBallAnimationUITests/Info.plist;
				LD_RUNPATH_SEARCH_PATHS = "$(inherited) @executable_path/Frameworks @loader_path/Frameworks";
				PRODUCT_BUNDLE_IDENTIFIER = com.zhangfurun.haifeng.FRTagBallAnimationUITests;
				PRODUCT_NAME = "$(TARGET_NAME)";
				TEST_TARGET_NAME = FRTagBallAnimation;
			};
			name = Debug;
		};
		2D69AE4F1D489BB5007A98E9 /* Release */ = {
			isa = XCBuildConfiguration;
			buildSettings = {
				INFOPLIST_FILE = FRTagBallAnimationUITests/Info.plist;
				LD_RUNPATH_SEARCH_PATHS = "$(inherited) @executable_path/Frameworks @loader_path/Frameworks";
				PRODUCT_BUNDLE_IDENTIFIER = com.zhangfurun.haifeng.FRTagBallAnimationUITests;
				PRODUCT_NAME = "$(TARGET_NAME)";
				TEST_TARGET_NAME = FRTagBallAnimation;
			};
			name = Release;
		};
/* End XCBuildConfiguration section */

/* Begin XCConfigurationList section */
		2D69AE151D489BB4007A98E9 /* Build configuration list for PBXProject "FRTagBallAnimation" */ = {
			isa = XCConfigurationList;
			buildConfigurations = (
				2D69AE451D489BB5007A98E9 /* Debug */,
				2D69AE461D489BB5007A98E9 /* Release */,
			);
			defaultConfigurationIsVisible = 0;
			defaultConfigurationName = Release;
		};
		2D69AE471D489BB5007A98E9 /* Build configuration list for PBXNativeTarget "FRTagBallAnimation" */ = {
			isa = XCConfigurationList;
			buildConfigurations = (
				2D69AE481D489BB5007A98E9 /* Debug */,
				2D69AE491D489BB5007A98E9 /* Release */,
			);
			defaultConfigurationIsVisible = 0;
		};
		2D69AE4A1D489BB5007A98E9 /* Build configuration list for PBXNativeTarget "FRTagBallAnimationTests" */ = {
			isa = XCConfigurationList;
			buildConfigurations = (
				2D69AE4B1D489BB5007A98E9 /* Debug */,
				2D69AE4C1D489BB5007A98E9 /* Release */,
			);
			defaultConfigurationIsVisible = 0;
		};
		2D69AE4D1D489BB5007A98E9 /* Build configuration list for PBXNativeTarget "FRTagBallAnimationUITests" */ = {
			isa = XCConfigurationList;
			buildConfigurations = (
				2D69AE4E1D489BB5007A98E9 /* Debug */,
				2D69AE4F1D489BB5007A98E9 /* Release */,
			);
			defaultConfigurationIsVisible = 0;
		};
/* End XCConfigurationList section */
	};
	rootObject = 2D69AE121D489BB4007A98E9 /* Project object */;
}
